Microsoft Visual Studio Solution File, Format Version 11.00
# Visual Studio 2008

Project("{AD34F43F-F0D1-3EE2-289B-0A081380505C}") = "INeedES2", "Assembly-CSharp-firstpass.csproj", "{DE487776-6E3D-D474-FD63-15D135076DC1}"
EndProject
Project("{AD34F43F-F0D1-3EE2-289B-0A081380505C}") = "INeedES2", "Assembly-CSharp.csproj", "{96F089A8-8272-E867-7FE0-0526FA56B020}"
EndProject
Project("{AD34F43F-F0D1-3EE2-289B-0A081380505C}") = "INeedES2", "Assembly-CSharp-Editor.csproj", "{19D5695E-B146-3EFF-78C6-18B6951FC319}"
EndProject
Global
	GlobalSection(SolutionConfigurationPlatforms) = preSolution
		Debug|Any CPU = Debug|Any CPU
		Release|Any CPU = Release|Any CPU
	EndGlobalSection
	GlobalSection(ProjectConfigurationPlatforms) = postSolution
		{DE487776-6E3D-D474-FD63-15D135076DC1}.Debug|Any CPU.ActiveCfg = Debug|Any CPU
		{DE487776-6E3D-D474-FD63-15D135076DC1}.Debug|Any CPU.Build.0 = Debug|Any CPU
		{DE487776-6E3D-D474-FD63-15D135076DC1}.Release|Any CPU.ActiveCfg = Release|Any CPU
		{DE487776-6E3D-D474-FD63-15D135076DC1}.Release|Any CPU.Build.0 = Release|Any CPU
		{96F089A8-8272-E867-7FE0-0526FA56B020}.Debug|Any CPU.ActiveCfg = Debug|Any CPU
		{96F089A8-8272-E867-7FE0-0526FA56B020}.Debug|Any CPU.Build.0 = Debug|Any CPU
		{96F089A8-8272-E867-7FE0-0526FA56B020}.Release|Any CPU.ActiveCfg = Release|Any CPU
		{96F089A8-8272-E867-7FE0-0526FA56B020}.Release|Any CPU.Build.0 = Release|Any CPU
		{19D5695E-B146-3EFF-78C6-18B6951FC319}.Debug|Any CPU.ActiveCfg = Debug|Any CPU
		{19D5695E-B146-3EFF-78C6-18B6951FC319}.Debug|Any CPU.Build.0 = Debug|Any CPU
		{19D5695E-B146-3EFF-78C6-18B6951FC319}.Release|Any CPU.ActiveCfg = Release|Any CPU
		{19D5695E-B146-3EFF-78C6-18B6951FC319}.Release|Any CPU.Build.0 = Release|Any CPU
	EndGlobalSection
	GlobalSection(SolutionProperties) = preSolution
		HideSolutionNode = FALSE
	EndGlobalSection
	GlobalSection(MonoDevelopProperties) = preSolution
		StartupItem = Assembly-CSharp.csproj
	EndGlobalSection
EndGlobal
